// !$*UTF8*$!
{
	archiveVersion = 1;
	classes = {
	};
	objectVersion = 46;
	objects = {

/* Begin PBXBuildFile section */
		5AE26F911B65C6AE008C06ED /* main.m in Sources */ = {isa = PBXBuildFile; fileRef = 5AE26F901B65C6AE008C06ED /* main.m */; };
		5AE26F941B65C6AE008C06ED /* AppDelegate.m in Sources */ = {isa = PBXBuildFile; fileRef = 5AE26F931B65C6AE008C06ED /* AppDelegate.m */; };
		5AE26F971B65C6AE008C06ED /* ViewController.m in Sources */ = {isa = PBXBuildFile; fileRef = 5AE26F961B65C6AE008C06ED /* ViewController.m */; };
		5AE26F9A1B65C6AE008C06ED /* Main.storyboard in Resources */ = {isa = PBXBuildFile; fileRef = 5AE26F981B65C6AE008C06ED /* Main.storyboard */; };
		5AE26F9C1B65C6AE008C06ED /* Images.xcassets in Resources */ = {isa = PBXBuildFile; fileRef = 5AE26F9B1B65C6AE008C06ED /* Images.xcassets */; };
		5AE26F9F1B65C6AE008C06ED /* LaunchScreen.xib in Resources */ = {isa = PBXBuildFile; fileRef = 5AE26F9D1B65C6AE008C06ED /* LaunchScreen.xib */; };
		5AE26FAB1B65C6AF008C06ED /* ZYPinYinSearchTests.m in Sources */ = {isa = PBXBuildFile; fileRef = 5AE26FAA1B65C6AF008C06ED /* ZYPinYinSearchTests.m */; };
		5AE26FD31B65F877008C06ED /* ZYSearchViewController.m in Sources */ = {isa = PBXBuildFile; fileRef = 5AE26FD21B65F877008C06ED /* ZYSearchViewController.m */; };
		5AE26FD91B6605CA008C06ED /* Person.m in Sources */ = {isa = PBXBuildFile; fileRef = 5AE26FD81B6605CA008C06ED /* Person.m */; };
		5AE26FEE1B662C83008C06ED /* ChineseInclude.m in Sources */ = {isa = PBXBuildFile; fileRef = 5AE26FDE1B662C83008C06ED /* ChineseInclude.m */; };
		5AE26FEF1B662C83008C06ED /* ChineseToPinyinResource.m in Sources */ = {isa = PBXBuildFile; fileRef = 5AE26FE01B662C83008C06ED /* ChineseToPinyinResource.m */; };
		5AE26FF01B662C83008C06ED /* HanyuPinyinOutputFormat.m in Sources */ = {isa = PBXBuildFile; fileRef = 5AE26FE21B662C83008C06ED /* HanyuPinyinOutputFormat.m */; };
		5AE26FF11B662C83008C06ED /* NSString+PinYin4Cocoa.m in Sources */ = {isa = PBXBuildFile; fileRef = 5AE26FE41B662C83008C06ED /* NSString+PinYin4Cocoa.m */; };
		5AE26FF21B662C83008C06ED /* PinyinFormatter.m in Sources */ = {isa = PBXBuildFile; fileRef = 5AE26FE61B662C83008C06ED /* PinyinFormatter.m */; };
		5AE26FF31B662C83008C06ED /* PinYinForObjc.m in Sources */ = {isa = PBXBuildFile; fileRef = 5AE26FE81B662C83008C06ED /* PinYinForObjc.m */; };
		5AE26FF41B662C83008C06ED /* PinyinHelper.m in Sources */ = {isa = PBXBuildFile; fileRef = 5AE26FEA1B662C83008C06ED /* PinyinHelper.m */; };
		5AE26FF51B662C83008C06ED /* unicode_to_hanyu_pinyin.txt in Resources */ = {isa = PBXBuildFile; fileRef = 5AE26FEB1B662C83008C06ED /* unicode_to_hanyu_pinyin.txt */; };
		5AE26FF61B662C83008C06ED /* ZYPinYinSearch.m in Sources */ = {isa = PBXBuildFile; fileRef = 5AE26FED1B662C83008C06ED /* ZYPinYinSearch.m */; };
/* End PBXBuildFile section */

/* Begin PBXContainerItemProxy section */
		5AE26FA51B65C6AE008C06ED /* PBXContainerItemProxy */ = {
			isa = PBXContainerItemProxy;
			containerPortal = 5AE26F831B65C6AE008C06ED /* Project object */;
			proxyType = 1;
			remoteGlobalIDString = 5AE26F8A1B65C6AE008C06ED;
			remoteInfo = ZYPinYinSearch;
		};
/* End PBXContainerItemProxy section */

/* Begin PBXFileReference section */
		5AE26F8B1B65C6AE008C06ED /* ZYPinYinSearch.app */ = {isa = PBXFileReference; explicitFileType = wrapper.application; includeInIndex = 0; path = ZYPinYinSearch.app; sourceTree = BUILT_PRODUCTS_DIR; };
		5AE26F8F1B65C6AE008C06ED /* Info.plist */ = {isa = PBXFileReference; lastKnownFileType = text.plist.xml; path = Info.plist; sourceTree = "<group>"; };
		5AE26F901B65C6AE008C06ED /* main.m */ = {isa = PBXFileReference; lastKnownFileType = sourcecode.c.objc; path = main.m; sourceTree = "<group>"; };
		5AE26F921B65C6AE008C06ED /* AppDelegate.h */ = {isa = PBXFileReference; lastKnownFileType = sourcecode.c.h; path = AppDelegate.h; sourceTree = "<group>"; };
		5AE26F931B65C6AE008C06ED /* AppDelegate.m */ = {isa = PBXFileReference; lastKnownFileType = sourcecode.c.objc; path = AppDelegate.m; sourceTree = "<group>"; };
		5AE26F951B65C6AE008C06ED /* ViewController.h */ = {isa = PBXFileReference; lastKnownFileType = sourcecode.c.h; path = ViewController.h; sourceTree = "<group>"; };
		5AE26F961B65C6AE008C06ED /* ViewController.m */ = {isa = PBXFileReference; lastKnownFileType = sourcecode.c.objc; path = ViewController.m; sourceTree = "<group>"; };
		5AE26F991B65C6AE008C06ED /* Base */ = {isa = PBXFileReference; lastKnownFileType = file.storyboard; name = Base; path = Base.lproj/Main.storyboard; sourceTree = "<group>"; };
		5AE26F9B1B65C6AE008C06ED /* Images.xcassets */ = {isa = PBXFileReference; lastKnownFileType = folder.assetcatalog; path = Images.xcassets; sourceTree = "<group>"; };
		5AE26F9E1B65C6AE008C06ED /* Base */ = {isa = PBXFileReference; lastKnownFileType = file.xib; name = Base; path = Base.lproj/LaunchScreen.xib; sourceTree = "<group>"; };
		5AE26FA41B65C6AE008C06ED /* ZYPinYinSearchTests.xctest */ = {isa = PBXFileReference; explicitFileType = wrapper.cfbundle; includeInIndex = 0; path = ZYPinYinSearchTests.xctest; sourceTree = BUILT_PRODUCTS_DIR; };
		5AE26FA91B65C6AF008C06ED /* Info.plist */ = {isa = PBXFileReference; lastKnownFileType = text.plist.xml; path = Info.plist; sourceTree = "<group>"; };
		5AE26FAA1B65C6AF008C06ED /* ZYPinYinSearchTests.m */ = {isa = PBXFileReference; lastKnownFileType = sourcecode.c.objc; path = ZYPinYinSearchTests.m; sourceTree = "<group>"; };
		5AE26FCD1B65F41A008C06ED /* PrefixHeader.pch */ = {isa = PBXFileReference; lastKnownFileType = sourcecode.c.h; path = PrefixHeader.pch; sourceTree = "<group>"; };
		5AE26FD11B65F877008C06ED /* ZYSearchViewController.h */ = {isa = PBXFileReference; fileEncoding = 4; lastKnownFileType = sourcecode.c.h; path = ZYSearchViewController.h; sourceTree = "<group>"; };
		5AE26FD21B65F877008C06ED /* ZYSearchViewController.m */ = {isa = PBXFileReference; fileEncoding = 4; lastKnownFileType = sourcecode.c.objc; path = ZYSearchViewController.m; sourceTree = "<group>"; };
		5AE26FD71B6605CA008C06ED /* Person.h */ = {isa = PBXFileReference; fileEncoding = 4; lastKnownFileType = sourcecode.c.h; path = Person.h; sourceTree = "<group>"; };
		5AE26FD81B6605CA008C06ED /* Person.m */ = {isa = PBXFileReference; fileEncoding = 4; lastKnownFileType = sourcecode.c.objc; path = Person.m; sourceTree = "<group>"; };
		5AE26FDD1B662C83008C06ED /* ChineseInclude.h */ = {isa = PBXFileReference; fileEncoding = 4; lastKnownFileType = sourcecode.c.h; path = ChineseInclude.h; sourceTree = "<group>"; };
		5AE26FDE1B662C83008C06ED /* ChineseInclude.m */ = {isa = PBXFileReference; fileEncoding = 4; lastKnownFileType = sourcecode.c.objc; path = ChineseInclude.m; sourceTree = "<group>"; };
		5AE26FDF1B662C83008C06ED /* ChineseToPinyinResource.h */ = {isa = PBXFileReference; fileEncoding = 4; lastKnownFileType = sourcecode.c.h; path = ChineseToPinyinResource.h; sourceTree = "<group>"; };
		5AE26FE01B662C83008C06ED /* ChineseToPinyinResource.m */ = {isa = PBXFileReference; fileEncoding = 4; lastKnownFileType = sourcecode.c.objc; path = ChineseToPinyinResource.m; sourceTree = "<group>"; };
		5AE26FE11B662C83008C06ED /* HanyuPinyinOutputFormat.h */ = {isa = PBXFileReference; fileEncoding = 4; lastKnownFileType = sourcecode.c.h; path = HanyuPinyinOutputFormat.h; sourceTree = "<group>"; };
		5AE26FE21B662C83008C06ED /* HanyuPinyinOutputFormat.m */ = {isa = PBXFileReference; fileEncoding = 4; lastKnownFileType = sourcecode.c.objc; path = HanyuPinyinOutputFormat.m; sourceTree = "<group>"; };
		5AE26FE31B662C83008C06ED /* NSString+PinYin4Cocoa.h */ = {isa = PBXFileReference; fileEncoding = 4; lastKnownFileType = sourcecode.c.h; path = "NSString+PinYin4Cocoa.h"; sourceTree = "<group>"; };
		5AE26FE41B662C83008C06ED /* NSString+PinYin4Cocoa.m */ = {isa = PBXFileReference; fileEncoding = 4; lastKnownFileType = sourcecode.c.objc; path = "NSString+PinYin4Cocoa.m"; sourceTree = "<group>"; };
		5AE26FE51B662C83008C06ED /* PinyinFormatter.h */ = {isa = PBXFileReference; fileEncoding = 4; lastKnownFileType = sourcecode.c.h; path = PinyinFormatter.h; sourceTree = "<group>"; };
		5AE26FE61B662C83008C06ED /* PinyinFormatter.m */ = {isa = PBXFileReference; fileEncoding = 4; lastKnownFileType = sourcecode.c.objc; path = PinyinFormatter.m; sourceTree = "<group>"; };
		5AE26FE71B662C83008C06ED /* PinYinForObjc.h */ = {isa = PBXFileReference; fileEncoding = 4; lastKnownFileType = sourcecode.c.h; path = PinYinForObjc.h; sourceTree = "<group>"; };
		5AE26FE81B662C83008C06ED /* PinYinForObjc.m */ = {isa = PBXFileReference; fileEncoding = 4; lastKnownFileType = sourcecode.c.objc; path = PinYinForObjc.m; sourceTree = "<group>"; };
		5AE26FE91B662C83008C06ED /* PinyinHelper.h */ = {isa = PBXFileReference; fileEncoding = 4; lastKnownFileType = sourcecode.c.h; path = PinyinHelper.h; sourceTree = "<group>"; };
		5AE26FEA1B662C83008C06ED /* PinyinHelper.m */ = {isa = PBXFileReference; fileEncoding = 4; lastKnownFileType = sourcecode.c.objc; path = PinyinHelper.m; sourceTree = "<group>"; };
		5AE26FEB1B662C83008C06ED /* unicode_to_hanyu_pinyin.txt */ = {isa = PBXFileReference; fileEncoding = 4; lastKnownFileType = text; path = unicode_to_hanyu_pinyin.txt; sourceTree = "<group>"; };
		5AE26FEC1B662C83008C06ED /* ZYPinYinSearch.h */ = {isa = PBXFileReference; fileEncoding = 4; lastKnownFileType = sourcecode.c.h; path = ZYPinYinSearch.h; sourceTree = "<group>"; };
		5AE26FED1B662C83008C06ED /* ZYPinYinSearch.m */ = {isa = PBXFileReference; fileEncoding = 4; lastKnownFileType = sourcecode.c.objc; path = ZYPinYinSearch.m; sourceTree = "<group>"; };
/* End PBXFileReference section */

/* Begin PBXFrameworksBuildPhase section */
		5AE26F881B65C6AE008C06ED /* Frameworks */ = {
			isa = PBXFrameworksBuildPhase;
			buildActionMask = 2147483647;
			files = (
			);
			runOnlyForDeploymentPostprocessing = 0;
		};
		5AE26FA11B65C6AE008C06ED /* Frameworks */ = {
			isa = PBXFrameworksBuildPhase;
			buildActionMask = 2147483647;
			files = (
			);
			runOnlyForDeploymentPostprocessing = 0;
		};
/* End PBXFrameworksBuildPhase section */

/* Begin PBXGroup section */
		5AE26F821B65C6AE008C06ED = {
			isa = PBXGroup;
			children = (
				5AE26F8D1B65C6AE008C06ED /* ZYPinYinSearch */,
				5AE26FA71B65C6AE008C06ED /* ZYPinYinSearchTests */,
				5AE26F8C1B65C6AE008C06ED /* Products */,
			);
			sourceTree = "<group>";
		};
		5AE26F8C1B65C6AE008C06ED /* Products */ = {
			isa = PBXGroup;
			children = (
				5AE26F8B1B65C6AE008C06ED /* ZYPinYinSearch.app */,
				5AE26FA41B65C6AE008C06ED /* ZYPinYinSearchTests.xctest */,
			);
			name = Products;
			sourceTree = "<group>";
		};
		5AE26F8D1B65C6AE008C06ED /* ZYPinYinSearch */ = {
			isa = PBXGroup;
			children = (
				5AE26FDC1B662C83008C06ED /* ZYPinYinSearchLib */,
				5AE26F921B65C6AE008C06ED /* AppDelegate.h */,
				5AE26F931B65C6AE008C06ED /* AppDelegate.m */,
				5AE26F951B65C6AE008C06ED /* ViewController.h */,
				5AE26F961B65C6AE008C06ED /* ViewController.m */,
				5AE26FD11B65F877008C06ED /* ZYSearchViewController.h */,
				5AE26FD21B65F877008C06ED /* ZYSearchViewController.m */,
				5AE26FD71B6605CA008C06ED /* Person.h */,
				5AE26FD81B6605CA008C06ED /* Person.m */,
				5AE26F981B65C6AE008C06ED /* Main.storyboard */,
				5AE26F9B1B65C6AE008C06ED /* Images.xcassets */,
				5AE26F9D1B65C6AE008C06ED /* LaunchScreen.xib */,
				5AE26F8E1B65C6AE008C06ED /* Supporting Files */,
			);
			path = ZYPinYinSearch;
			sourceTree = "<group>";
		};
		5AE26F8E1B65C6AE008C06ED /* Supporting Files */ = {
			isa = PBXGroup;
			children = (
				5AE26F8F1B65C6AE008C06ED /* Info.plist */,
				5AE26F901B65C6AE008C06ED /* main.m */,
				5AE26FCD1B65F41A008C06ED /* PrefixHeader.pch */,
			);
			name = "Supporting Files";
			sourceTree = "<group>";
		};
		5AE26FA71B65C6AE008C06ED /* ZYPinYinSearchTests */ = {
			isa = PBXGroup;
			children = (
				5AE26FAA1B65C6AF008C06ED /* ZYPinYinSearchTests.m */,
				5AE26FA81B65C6AF008C06ED /* Supporting Files */,
			);
			path = ZYPinYinSearchTests;
			sourceTree = "<group>";
		};
		5AE26FA81B65C6AF008C06ED /* Supporting Files */ = {
			isa = PBXGroup;
			children = (
				5AE26FA91B65C6AF008C06ED /* Info.plist */,
			);
			name = "Supporting Files";
			sourceTree = "<group>";
		};
		5AE26FDC1B662C83008C06ED /* ZYPinYinSearchLib */ = {
			isa = PBXGroup;
			children = (
				5AE26FDD1B662C83008C06ED /* ChineseInclude.h */,
				5AE26FDE1B662C83008C06ED /* ChineseInclude.m */,
				5AE26FDF1B662C83008C06ED /* ChineseToPinyinResource.h */,
				5AE26FE01B662C83008C06ED /* ChineseToPinyinResource.m */,
				5AE26FE11B662C83008C06ED /* HanyuPinyinOutputFormat.h */,
				5AE26FE21B662C83008C06ED /* HanyuPinyinOutputFormat.m */,
				5AE26FE31B662C83008C06ED /* NSString+PinYin4Cocoa.h */,
				5AE26FE41B662C83008C06ED /* NSString+PinYin4Cocoa.m */,
				5AE26FE51B662C83008C06ED /* PinyinFormatter.h */,
				5AE26FE61B662C83008C06ED /* PinyinFormatter.m */,
				5AE26FE71B662C83008C06ED /* PinYinForObjc.h */,
				5AE26FE81B662C83008C06ED /* PinYinForObjc.m */,
				5AE26FE91B662C83008C06ED /* PinyinHelper.h */,
				5AE26FEA1B662C83008C06ED /* PinyinHelper.m */,
				5AE26FEB1B662C83008C06ED /* unicode_to_hanyu_pinyin.txt */,
				5AE26FEC1B662C83008C06ED /* ZYPinYinSearch.h */,
				5AE26FED1B662C83008C06ED /* ZYPinYinSearch.m */,
			);
			path = ZYPinYinSearchLib;
			sourceTree = "<group>";
		};
/* End PBXGroup section */

/* Begin PBXNativeTarget section */
		5AE26F8A1B65C6AE008C06ED /* ZYPinYinSearch */ = {
			isa = PBXNativeTarget;
			buildConfigurationList = 5AE26FAE1B65C6AF008C06ED /* Build configuration list for PBXNativeTarget "ZYPinYinSearch" */;
			buildPhases = (
				5AE26F871B65C6AE008C06ED /* Sources */,
				5AE26F881B65C6AE008C06ED /* Frameworks */,
				5AE26F891B65C6AE008C06ED /* Resources */,
			);
			buildRules = (
			);
			dependencies = (
			);
			name = ZYPinYinSearch;
			productName = ZYPinYinSearch;
			productReference = 5AE26F8B1B65C6AE008C06ED /* ZYPinYinSearch.app */;
			productType = "com.apple.product-type.application";
		};
		5AE26FA31B65C6AE008C06ED /* ZYPinYinSearchTests */ = {
			isa = PBXNativeTarget;
			buildConfigurationList = 5AE26FB11B65C6AF008C06ED /* Build configuration list for PBXNativeTarget "ZYPinYinSearchTests" */;
			buildPhases = (
				5AE26FA01B65C6AE008C06ED /* Sources */,
				5AE26FA11B65C6AE008C06ED /* Frameworks */,
				5AE26FA21B65C6AE008C06ED /* Resources */,
			);
			buildRules = (
			);
			dependencies = (
				5AE26FA61B65C6AE008C06ED /* PBXTargetDependency */,
			);
			name = ZYPinYinSearchTests;
			productName = ZYPinYinSearchTests;
			productReference = 5AE26FA41B65C6AE008C06ED /* ZYPinYinSearchTests.xctest */;
			productType = "com.apple.product-type.bundle.unit-test";
		};
/* End PBXNativeTarget section */

/* Begin PBXProject section */
		5AE26F831B65C6AE008C06ED /* Project object */ = {
			isa = PBXProject;
			attributes = {
				LastUpgradeCheck = 0640;
				ORGANIZATIONNAME = ZY;
				TargetAttributes = {
					5AE26F8A1B65C6AE008C06ED = {
						CreatedOnToolsVersion = 6.4;
					};
					5AE26FA31B65C6AE008C06ED = {
						CreatedOnToolsVersion = 6.4;
						TestTargetID = 5AE26F8A1B65C6AE008C06ED;
					};
				};
			};
			buildConfigurationList = 5AE26F861B65C6AE008C06ED /* Build configuration list for PBXProject "ZYPinYinSearch" */;
			compatibilityVersion = "Xcode 3.2";
			developmentRegion = English;
			hasScannedForEncodings = 0;
			knownRegions = (
				en,
				Base,
			);
			mainGroup = 5AE26F821B65C6AE008C06ED;
			productRefGroup = 5AE26F8C1B65C6AE008C06ED /* Products */;
			projectDirPath = "";
			projectRoot = "";
			targets = (
				5AE26F8A1B65C6AE008C06ED /* ZYPinYinSearch */,
				5AE26FA31B65C6AE008C06ED /* ZYPinYinSearchTests */,
			);
		};
/* End PBXProject section */

/* Begin PBXResourcesBuildPhase section */
		5AE26F891B65C6AE008C06ED /* Resources */ = {
			isa = PBXResourcesBuildPhase;
			buildActionMask = 2147483647;
			files = (
				5AE26FF51B662C83008C06ED /* unicode_to_hanyu_pinyin.txt in Resources */,
				5AE26F9A1B65C6AE008C06ED /* Main.storyboard in Resources */,
				5AE26F9F1B65C6AE008C06ED /* LaunchScreen.xib in Resources */,
				5AE26F9C1B65C6AE008C06ED /* Images.xcassets in Resources */,
			);
			runOnlyForDeploymentPostprocessing = 0;
		};
		5AE26FA21B65C6AE008C06ED /* Resources */ = {
			isa = PBXResourcesBuildPhase;
			buildActionMask = 2147483647;
			files = (
			);
			runOnlyForDeploymentPostprocessing = 0;
		};
/* End PBXResourcesBuildPhase section */

/* Begin PBXSourcesBuildPhase section */
		5AE26F871B65C6AE008C06ED /* Sources */ = {
			isa = PBXSourcesBuildPhase;
			buildActionMask = 2147483647;
			files = (
				5AE26FF41B662C83008C06ED /* PinyinHelper.m in Sources */,
				5AE26FEE1B662C83008C06ED /* ChineseInclude.m in Sources */,
				5AE26F971B65C6AE008C06ED /* ViewController.m in Sources */,
				5AE26FF61B662C83008C06ED /* ZYPinYinSearch.m in Sources */,
				5AE26FF01B662C83008C06ED /* HanyuPinyinOutputFormat.m in Sources */,
				5AE26FF11B662C83008C06ED /* NSString+PinYin4Cocoa.m in Sources */,
				5AE26F941B65C6AE008C06ED /* AppDelegate.m in Sources */,
				5AE26FF21B662C83008C06ED /* PinyinFormatter.m in Sources */,
				5AE26F911B65C6AE008C06ED /* main.m in Sources */,
				5AE26FD91B6605CA008C06ED /* Person.m in Sources */,
				5AE26FD31B65F877008C06ED /* ZYSearchViewController.m in Sources */,
				5AE26FEF1B662C83008C06ED /* ChineseToPinyinResource.m in Sources */,
				5AE26FF31B662C83008C06ED /* PinYinForObjc.m in Sources */,
			);
			runOnlyForDeploymentPostprocessing = 0;
		};
		5AE26FA01B65C6AE008C06ED /* Sources */ = {
			isa = PBXSourcesBuildPhase;
			buildActionMask = 2147483647;
			files = (
				5AE26FAB1B65C6AF008C06ED /* ZYPinYinSearchTests.m in Sources */,
			);
			runOnlyForDeploymentPostprocessing = 0;
		};
/* End PBXSourcesBuildPhase section */

/* Begin PBXTargetDependency section */
		5AE26FA61B65C6AE008C06ED /* PBXTargetDependency */ = {
			isa = PBXTargetDependency;
			target = 5AE26F8A1B65C6AE008C06ED /* ZYPinYinSearch */;
			targetProxy = 5AE26FA51B65C6AE008C06ED /* PBXContainerItemProxy */;
		};
/* End PBXTargetDependency section */

/* Begin PBXVariantGroup section */
		5AE26F981B65C6AE008C06ED /* Main.storyboard */ = {
			isa = PBXVariantGroup;
			children = (
				5AE26F991B65C6AE008C06ED /* Base */,
			);
			name = Main.storyboard;
			sourceTree = "<group>";
		};
		5AE26F9D1B65C6AE008C06ED /* LaunchScreen.xib */ = {
			isa = PBXVariantGroup;
			children = (
				5AE26F9E1B65C6AE008C06ED /* Base */,
			);
			name = LaunchScreen.xib;
			sourceTree = "<group>";
		};
/* End PBXVariantGroup section */

/* Begin XCBuildConfiguration section */
		5AE26FAC1B65C6AF008C06ED /* Debug */ = {
			isa = XCBuildConfiguration;
			buildSettings = {
				ALWAYS_SEARCH_USER_PATHS = NO;
				CLANG_CXX_LANGUAGE_STANDARD = "gnu++0x";
				CLANG_CXX_LIBRARY = "libc++";
				CLANG_ENABLE_MODULES = YES;
				CLANG_ENABLE_OBJC_ARC = YES;
				CLANG_WARN_BOOL_CONVERSION = YES;
				CLANG_WARN_CONSTANT_CONVERSION = YES;
				CLANG_WARN_DIRECT_OBJC_ISA_USAGE = YES_ERROR;
				CLANG_WARN_EMPTY_BODY = YES;
				CLANG_WARN_ENUM_CONVERSION = YES;
				CLANG_WARN_INT_CONVERSION = YES;
				CLANG_WARN_OBJC_ROOT_CLASS = YES_ERROR;
				CLANG_WARN_UNREACHABLE_CODE = YES;
				CLANG_WARN__DUPLICATE_METHOD_MATCH = YES;
				"CODE_SIGN_IDENTITY[sdk=iphoneos*]" = "iPhone Developer";
				COPY_PHASE_STRIP = NO;
				DEBUG_INFORMATION_FORMAT = "dwarf-with-dsym";
				ENABLE_STRICT_OBJC_MSGSEND = YES;
				GCC_C_LANGUAGE_STANDARD = gnu99;
				GCC_DYNAMIC_NO_PIC = NO;
				GCC_NO_COMMON_BLOCKS = YES;
				GCC_OPTIMIZATION_LEVEL = 0;
				GCC_PREPROCESSOR_DEFINITIONS = (
					"DEBUG=1",
					"$(inherited)",
				);
				GCC_SYMBOLS_PRIVATE_EXTERN = NO;
				GCC_WARN_64_TO_32_BIT_CONVERSION = YES;
				GCC_WARN_ABOUT_RETURN_TYPE = YES_ERROR;
				GCC_WARN_UNDECLARED_SELECTOR = YES;
				GCC_WARN_UNINITIALIZED_AUTOS = YES_AGGRESSIVE;
				GCC_WARN_UNUSED_FUNCTION = YES;
				GCC_WARN_UNUSED_VARIABLE = YES;
				IPHONEOS_DEPLOYMENT_TARGET = 8.4;
				MTL_ENABLE_DEBUG_INFO = YES;
				ONLY_ACTIVE_ARCH = YES;
				SDKROOT = iphoneos;
				TARGETED_DEVICE_FAMILY = "1,2";
			};
			name = Debug;
		};
		5AE26FAD1B65C6AF008C06ED /* Release */ = {
			isa = XCBuildConfiguration;
			buildSettings = {
				ALWAYS_SEARCH_USER_PATHS = NO;
				CLANG_CXX_LANGUAGE_STANDARD = "gnu++0x";
				CLANG_CXX_LIBRARY = "libc++";
				CLANG_ENABLE_MODULES = YES;
				CLANG_ENABLE_OBJC_ARC = YES;
				CLANG_WARN_BOOL_CONVERSION = YES;
				CLANG_WARN_CONSTANT_CONVERSION = YES;
				CLANG_WARN_DIRECT_OBJC_ISA_USAGE = YES_ERROR;
				CLANG_WARN_EMPTY_BODY = YES;
				CLANG_WARN_ENUM_CONVERSION = YES;
				CLANG_WARN_INT_CONVERSION = YES;
				CLANG_WARN_OBJC_ROOT_CLASS = YES_ERROR;
				CLANG_WARN_UNREACHABLE_CODE = YES;
				CLANG_WARN__DUPLICATE_METHOD_MATCH = YES;
				"CODE_SIGN_IDENTITY[sdk=iphoneos*]" = "iPhone Developer";
				COPY_PHASE_STRIP = NO;
				DEBUG_INFORMATION_FORMAT = "dwarf-with-dsym";
				ENABLE_NS_ASSERTIONS = NO;
				ENABLE_STRICT_OBJC_MSGSEND = YES;
				GCC_C_LANGUAGE_STANDARD = gnu99;
				GCC_NO_COMMON_BLOCKS = YES;
				GCC_WARN_64_TO_32_BIT_CONVERSION = YES;
				GCC_WARN_ABOUT_RETURN_TYPE = YES_ERROR;
				GCC_WARN_UNDECLARED_SELECTOR = YES;
				GCC_WARN_UNINITIALIZED_AUTOS = YES_AGGRESSIVE;
				GCC_WARN_UNUSED_FUNCTION = YES;
				GCC_WARN_UNUSED_VARIABLE = YES;
				IPHONEOS_DEPLOYMENT_TARGET = 8.4;
				MTL_ENABLE_DEBUG_INFO = NO;
				SDKROOT = iphoneos;
				TARGETED_DEVICE_FAMILY = "1,2";
				VALIDATE_PRODUCT = YES;
			};
			name = Release;
		};
		5AE26FAF1B65C6AF008C06ED /* Debug */ = {
			isa = XCBuildConfiguration;
			buildSettings = {
				ASSETCATALOG_COMPILER_APPICON_NAME = AppIcon;
				GCC_PREFIX_HEADER = ZYPinYinSearch/PrefixHeader.pch;
				INFOPLIST_FILE = ZYPinYinSearch/Info.plist;
				IPHONEOS_DEPLOYMENT_TARGET = 8.0;
				LD_RUNPATH_SEARCH_PATHS = "$(inherited) @executable_path/Frameworks";
				PRODUCT_NAME = "$(TARGET_NAME)";
				WARNING_CFLAGS = "-Wno-shorten-64-to-32";
			};
			name = Debug;
		};
		5AE26FB01B65C6AF008C06ED /* Release */ = {
			isa = XCBuildConfiguration;
			buildSettings = {
				ASSETCATALOG_COMPILER_APPICON_NAME = AppIcon;
				GCC_PREFIX_HEADER = ZYPinYinSearch/PrefixHeader.pch;
				INFOPLIST_FILE = ZYPinYinSearch/Info.plist;
				IPHONEOS_DEPLOYMENT_TARGET = 8.0;
				LD_RUNPATH_SEARCH_PATHS = "$(inherited) @executable_path/Frameworks";
				PRODUCT_NAME = "$(TARGET_NAME)";
				WARNING_CFLAGS = "-Wno-shorten-64-to-32";
			};
			name = Release;
		};
		5AE26FB21B65C6AF008C06ED /* Debug */ = {
			isa = XCBuildConfiguration;
			buildSettings = {
				BUNDLE_LOADER = "$(TEST_HOST)";
				FRAMEWORK_SEARCH_PATHS = (
					"$(SDKROOT)/Developer/Library/Frameworks",
					"$(inherited)",
				);
				GCC_PREPROCESSOR_DEFINITIONS = (
					"DEBUG=1",
					"$(inherited)",
				);
				INFOPLIST_FILE = ZYPinYinSearchTests/Info.plist;
				LD_RUNPATH_SEARCH_PATHS = "$(inherited) @executable_path/Frameworks @loader_path/Frameworks";
				PRODUCT_NAME = "$(TARGET_NAME)";
				TEST_HOST = "$(BUILT_PRODUCTS_DIR)/ZYPinYinSearch.app/ZYPinYinSearch";
			};
			name = Debug;
		};
		5AE26FB31B65C6AF008C06ED /* Release */ = {
			isa = XCBuildConfiguration;
			buildSettings = {
				BUNDLE_LOADER = "$(TEST_HOST)";
				FRAMEWORK_SEARCH_PATHS = (
					"$(SDKROOT)/Developer/Library/Frameworks",
					"$(inherited)",
				);
				INFOPLIST_FILE = ZYPinYinSearchTests/Info.plist;
				LD_RUNPATH_SEARCH_PATHS = "$(inherited) @executable_path/Frameworks @loader_path/Frameworks";
				PRODUCT_NAME = "$(TARGET_NAME)";
				TEST_HOST = "$(BUILT_PRODUCTS_DIR)/ZYPinYinSearch.app/ZYPinYinSearch";
			};
			name = Release;
		};
/* End XCBuildConfiguration section */

/* Begin XCConfigurationList section */
		5AE26F861B65C6AE008C06ED /* Build configuration list for PBXProject "ZYPinYinSearch" */ = {
			isa = XCConfigurationList;
			buildConfigurations = (
				5AE26FAC1B65C6AF008C06ED /* Debug */,
				5AE26FAD1B65C6AF008C06ED /* Release */,
			);
			defaultConfigurationIsVisible = 0;
			defaultConfigurationName = Release;
		};
		5AE26FAE1B65C6AF008C06ED /* Build configuration list for PBXNativeTarget "ZYPinYinSearch" */ = {
			isa = XCConfigurationList;
			buildConfigurations = (
				5AE26FAF1B65C6AF008C06ED /* Debug */,
				5AE26FB01B65C6AF008C06ED /* Release */,
			);
			defaultConfigurationIsVisible = 0;
		};
		5AE26FB11B65C6AF008C06ED /* Build configuration list for PBXNativeTarget "ZYPinYinSearchTests" */ = {
			isa = XCConfigurationList;
			buildConfigurations = (
				5AE26FB21B65C6AF008C06ED /* Debug */,
				5AE26FB31B65C6AF008C06ED /* Release */,
			);
			defaultConfigurationIsVisible = 0;
		};
/* End XCConfigurationList section */
	};
	rootObject = 5AE26F831B65C6AE008C06ED /* Project object */;
}
